// !$*UTF8*$!
{
	archiveVersion = 1;
	classes = {
	};
	objectVersion = 50;
	objects = {

/* Begin PBXBuildFile section */
		D899D29621D5182B00228761 /* AppDelegate.swift in Sources */ = {isa = PBXBuildFile; fileRef = D899D29521D5182B00228761 /* AppDelegate.swift */; };
		D899D29B21D5182B00228761 /* Main.storyboard in Resources */ = {isa = PBXBuildFile; fileRef = D899D29921D5182B00228761 /* Main.storyboard */; };
		D899D29D21D5182C00228761 /* Assets.xcassets in Resources */ = {isa = PBXBuildFile; fileRef = D899D29C21D5182C00228761 /* Assets.xcassets */; };
		D899D2A021D5182C00228761 /* LaunchScreen.storyboard in Resources */ = {isa = PBXBuildFile; fileRef = D899D29E21D5182C00228761 /* LaunchScreen.storyboard */; };
		D899D2B721D51EDE00228761 /* Restaurant.swift in Sources */ = {isa = PBXBuildFile; fileRef = D899D2B621D51EDE00228761 /* Restaurant.swift */; };
		D899D2B921D5215A00228761 /* OpeningState.swift in Sources */ = {isa = PBXBuildFile; fileRef = D899D2B821D5215A00228761 /* OpeningState.swift */; };
		D899D2BD21D5220300228761 /* SortingValues.swift in Sources */ = {isa = PBXBuildFile; fileRef = D899D2BC21D5220300228761 /* SortingValues.swift */; };
		D899D2C021D5299E00228761 /* Decimal+Money.swift in Sources */ = {isa = PBXBuildFile; fileRef = D899D2BF21D5299E00228761 /* Decimal+Money.swift */; };
		D899D2C721D5686200228761 /* JSONPresentable.swift in Sources */ = {isa = PBXBuildFile; fileRef = D899D2C321D5686200228761 /* JSONPresentable.swift */; };
		D899D2C821D5686200228761 /* DecodingTester.swift in Sources */ = {isa = PBXBuildFile; fileRef = D899D2C421D5686200228761 /* DecodingTester.swift */; };
		D899D2C921D5686200228761 /* Dictionary+Helpers.swift in Sources */ = {isa = PBXBuildFile; fileRef = D899D2C521D5686200228761 /* Dictionary+Helpers.swift */; };
		D899D2CA21D5686200228761 /* JSONDecoder+Helpers.swift in Sources */ = {isa = PBXBuildFile; fileRef = D899D2C621D5686200228761 /* JSONDecoder+Helpers.swift */; };
		D899D2CC21D568A200228761 /* RestaurantDecodingTests.swift in Sources */ = {isa = PBXBuildFile; fileRef = D899D2CB21D568A200228761 /* RestaurantDecodingTests.swift */; };
		D899D2CE21D5690800228761 /* Restaurant+Helpers.swift in Sources */ = {isa = PBXBuildFile; fileRef = D899D2CD21D5690800228761 /* Restaurant+Helpers.swift */; };
		D899D2D221D569D600228761 /* SortingValues+Helpers.swift in Sources */ = {isa = PBXBuildFile; fileRef = D899D2D121D569D600228761 /* SortingValues+Helpers.swift */; };
		D899D2D421D56B3A00228761 /* OpeningState+Helpers.swift in Sources */ = {isa = PBXBuildFile; fileRef = D899D2D321D56B3A00228761 /* OpeningState+Helpers.swift */; };
		D899D2D621D5719100228761 /* SortingValuesDecodingTests.swift in Sources */ = {isa = PBXBuildFile; fileRef = D899D2D521D5719100228761 /* SortingValuesDecodingTests.swift */; };
		D899D2D921D57A9900228761 /* String+Random.swift in Sources */ = {isa = PBXBuildFile; fileRef = D899D2D821D57A9900228761 /* String+Random.swift */; };
		D899D2DC21D581C200228761 /* RestaurantListViewModel.swift in Sources */ = {isa = PBXBuildFile; fileRef = D899D2DB21D581C200228761 /* RestaurantListViewModel.swift */; };
		D899D2DF21D581EE00228761 /* RestaurantListViewModelTests.swift in Sources */ = {isa = PBXBuildFile; fileRef = D899D2DE21D581EE00228761 /* RestaurantListViewModelTests.swift */; };
		D899D2E121D582B500228761 /* RestaurantViewModel.swift in Sources */ = {isa = PBXBuildFile; fileRef = D899D2E021D582B500228761 /* RestaurantViewModel.swift */; };
		D899D2E421D583F400228761 /* RandomAccessCollection+Helpers.swift in Sources */ = {isa = PBXBuildFile; fileRef = D899D2E321D583F400228761 /* RandomAccessCollection+Helpers.swift */; };
		D899D2E921D5892B00228761 /* RestaurantViewModel+Helpers.swift in Sources */ = {isa = PBXBuildFile; fileRef = D899D2E821D5892B00228761 /* RestaurantViewModel+Helpers.swift */; };
		D899D2ED21D58C2C00228761 /* RestaurantsProvider.swift in Sources */ = {isa = PBXBuildFile; fileRef = D899D2EC21D58C2C00228761 /* RestaurantsProvider.swift */; };
		D899D2EF21D58C5C00228761 /* RestaurantsProviderTests.swift in Sources */ = {isa = PBXBuildFile; fileRef = D899D2EE21D58C5C00228761 /* RestaurantsProviderTests.swift */; };
		D899D2F121D5931500228761 /* RestaurantsResponse.swift in Sources */ = {isa = PBXBuildFile; fileRef = D899D2F021D5931500228761 /* RestaurantsResponse.swift */; };
		D899D2F321D5937D00228761 /* RestaurantsResponse+Helpers.swift in Sources */ = {isa = PBXBuildFile; fileRef = D899D2F221D5937D00228761 /* RestaurantsResponse+Helpers.swift */; };
		D899D2F521D593F400228761 /* RestaurantsResponseDecodingTests.swift in Sources */ = {isa = PBXBuildFile; fileRef = D899D2F421D593F400228761 /* RestaurantsResponseDecodingTests.swift */; };
		D899D2F921D5955D00228761 /* Cancellable.swift in Sources */ = {isa = PBXBuildFile; fileRef = D899D2F621D5955C00228761 /* Cancellable.swift */; };
		D899D2FA21D5955D00228761 /* Result.swift in Sources */ = {isa = PBXBuildFile; fileRef = D899D2F721D5955D00228761 /* Result.swift */; };
		D899D2FB21D5955D00228761 /* JSONDecoderProtocol.swift in Sources */ = {isa = PBXBuildFile; fileRef = D899D2F821D5955D00228761 /* JSONDecoderProtocol.swift */; };
		D899D2FF21D596E600228761 /* URLSessionProtocol.swift in Sources */ = {isa = PBXBuildFile; fileRef = D899D2FD21D596E600228761 /* URLSessionProtocol.swift */; };
		D899D30021D596E600228761 /* URLSessionDataTaskProtocol.swift in Sources */ = {isa = PBXBuildFile; fileRef = D899D2FE21D596E600228761 /* URLSessionDataTaskProtocol.swift */; };
		D899D30321D5980600228761 /* Restaurants.json in Resources */ = {isa = PBXBuildFile; fileRef = D899D30221D5980600228761 /* Restaurants.json */; };
		D899D30521D5987F00228761 /* URLSessionMock.swift in Sources */ = {isa = PBXBuildFile; fileRef = D899D30421D5987F00228761 /* URLSessionMock.swift */; };
		D899D30721D599A000228761 /* Constants.swift in Sources */ = {isa = PBXBuildFile; fileRef = D899D30621D599A000228761 /* Constants.swift */; };
		D899D30A21D5AB4A00228761 /* JSONDecoderMock.swift in Sources */ = {isa = PBXBuildFile; fileRef = D899D30921D5AB4A00228761 /* JSONDecoderMock.swift */; };
		D899D30E21D6516000228761 /* RestaurantsProviderMock.swift in Sources */ = {isa = PBXBuildFile; fileRef = D899D30D21D6516000228761 /* RestaurantsProviderMock.swift */; };
		D899D31021D65E0D00228761 /* RestaurantListViewModelDelegateMock.swift in Sources */ = {isa = PBXBuildFile; fileRef = D899D30F21D65E0D00228761 /* RestaurantListViewModelDelegateMock.swift */; };
		D899D31421D67A7000228761 /* RestaurantViewModelTests.swift in Sources */ = {isa = PBXBuildFile; fileRef = D899D31321D67A7000228761 /* RestaurantViewModelTests.swift */; };
		D899D31621D67E7600228761 /* SortingService.swift in Sources */ = {isa = PBXBuildFile; fileRef = D899D31521D67E7600228761 /* SortingService.swift */; };
		D899D31821D6841E00228761 /* SortingServiceTests.swift in Sources */ = {isa = PBXBuildFile; fileRef = D899D31721D6841E00228761 /* SortingServiceTests.swift */; };
		D899D31A21D68BA400228761 /* SortingServiceMock.swift in Sources */ = {isa = PBXBuildFile; fileRef = D899D31921D68BA400228761 /* SortingServiceMock.swift */; };
		D899D31D21D6C76000228761 /* ResultTests.swift in Sources */ = {isa = PBXBuildFile; fileRef = D899D31C21D6C76000228761 /* ResultTests.swift */; };
		D899D31F21D6C81200228761 /* FilteringService.swift in Sources */ = {isa = PBXBuildFile; fileRef = D899D31E21D6C81200228761 /* FilteringService.swift */; };
		D899D32121D6C9DC00228761 /* FilteredServiceTests.swift in Sources */ = {isa = PBXBuildFile; fileRef = D899D32021D6C9DC00228761 /* FilteredServiceTests.swift */; };
		D899D32321D6D0C600228761 /* FilteringServiceMock.swift in Sources */ = {isa = PBXBuildFile; fileRef = D899D32221D6D0C600228761 /* FilteringServiceMock.swift */; };
		D899D32521D6D86100228761 /* FavoriteRestaurant.swift in Sources */ = {isa = PBXBuildFile; fileRef = D899D32421D6D86100228761 /* FavoriteRestaurant.swift */; };
		D899D32721D6D96200228761 /* FavoriteRestaurant+Helpers.swift in Sources */ = {isa = PBXBuildFile; fileRef = D899D32621D6D96200228761 /* FavoriteRestaurant+Helpers.swift */; };
		D899D32921D6DA4300228761 /* FavoriteRestaurantCodingTests.swift in Sources */ = {isa = PBXBuildFile; fileRef = D899D32821D6DA4300228761 /* FavoriteRestaurantCodingTests.swift */; };
		D899D32B21D6DB0000228761 /* JSONEncoder+Helpers.swift in Sources */ = {isa = PBXBuildFile; fileRef = D899D32A21D6DB0000228761 /* JSONEncoder+Helpers.swift */; };
		D899D32D21D6E11E00228761 /* FavoritesService.swift in Sources */ = {isa = PBXBuildFile; fileRef = D899D32C21D6E11E00228761 /* FavoritesService.swift */; };
		D899D32F21D6EE1600228761 /* FavoritesServiceTests.swift in Sources */ = {isa = PBXBuildFile; fileRef = D899D32E21D6EE1600228761 /* FavoritesServiceTests.swift */; };
		D899D33121D6EFD500228761 /* FavoritesServiceDelegateMock.swift in Sources */ = {isa = PBXBuildFile; fileRef = D899D33021D6EFD500228761 /* FavoritesServiceDelegateMock.swift */; };
		D899D33321D6F64A00228761 /* FavoritesServiceMock.swift in Sources */ = {isa = PBXBuildFile; fileRef = D899D33221D6F64A00228761 /* FavoritesServiceMock.swift */; };
		D899D33521D7D90100228761 /* RestaurantDetails.swift in Sources */ = {isa = PBXBuildFile; fileRef = D899D33421D7D90100228761 /* RestaurantDetails.swift */; };
		D899D33721D7E18A00228761 /* RestaurantDetails+Helpers.swift in Sources */ = {isa = PBXBuildFile; fileRef = D899D33621D7E18A00228761 /* RestaurantDetails+Helpers.swift */; };
/* End PBXBuildFile section */

/* Begin PBXContainerItemProxy section */
		D899D2A721D5182C00228761 /* PBXContainerItemProxy */ = {
			isa = PBXContainerItemProxy;
			containerPortal = D899D28A21D5182B00228761 /* Project object */;
			proxyType = 1;
			remoteGlobalIDString = D899D29121D5182B00228761;
			remoteInfo = Restaurants;
		};
/* End PBXContainerItemProxy section */

/* Begin PBXFileReference section */
		D899D29221D5182B00228761 /* Restaurants.app */ = {isa = PBXFileReference; explicitFileType = wrapper.application; includeInIndex = 0; path = Restaurants.app; sourceTree = BUILT_PRODUCTS_DIR; };
		D899D29521D5182B00228761 /* AppDelegate.swift */ = {isa = PBXFileReference; lastKnownFileType = sourcecode.swift; path = AppDelegate.swift; sourceTree = "<group>"; };
		D899D29A21D5182B00228761 /* Base */ = {isa = PBXFileReference; lastKnownFileType = file.storyboard; name = Base; path = Base.lproj/Main.storyboard; sourceTree = "<group>"; };
		D899D29C21D5182C00228761 /* Assets.xcassets */ = {isa = PBXFileReference; lastKnownFileType = folder.assetcatalog; path = Assets.xcassets; sourceTree = "<group>"; };
		D899D29F21D5182C00228761 /* Base */ = {isa = PBXFileReference; lastKnownFileType = file.storyboard; name = Base; path = Base.lproj/LaunchScreen.storyboard; sourceTree = "<group>"; };
		D899D2A121D5182C00228761 /* Info.plist */ = {isa = PBXFileReference; lastKnownFileType = text.plist.xml; path = Info.plist; sourceTree = "<group>"; };
		D899D2A621D5182C00228761 /* RestaurantsTests.xctest */ = {isa = PBXFileReference; explicitFileType = wrapper.cfbundle; includeInIndex = 0; path = RestaurantsTests.xctest; sourceTree = BUILT_PRODUCTS_DIR; };
		D899D2AC21D5182D00228761 /* Info.plist */ = {isa = PBXFileReference; lastKnownFileType = text.plist.xml; path = Info.plist; sourceTree = "<group>"; };
		D899D2B621D51EDE00228761 /* Restaurant.swift */ = {isa = PBXFileReference; lastKnownFileType = sourcecode.swift; path = Restaurant.swift; sourceTree = "<group>"; };
		D899D2B821D5215A00228761 /* OpeningState.swift */ = {isa = PBXFileReference; lastKnownFileType = sourcecode.swift; path = OpeningState.swift; sourceTree = "<group>"; };
		D899D2BC21D5220300228761 /* SortingValues.swift */ = {isa = PBXFileReference; lastKnownFileType = sourcecode.swift; path = SortingValues.swift; sourceTree = "<group>"; };
		D899D2BF21D5299E00228761 /* Decimal+Money.swift */ = {isa = PBXFileReference; lastKnownFileType = sourcecode.swift; path = "Decimal+Money.swift"; sourceTree = "<group>"; };
		D899D2C321D5686200228761 /* JSONPresentable.swift */ = {isa = PBXFileReference; fileEncoding = 4; lastKnownFileType = sourcecode.swift; path = JSONPresentable.swift; sourceTree = "<group>"; };
		D899D2C421D5686200228761 /* DecodingTester.swift */ = {isa = PBXFileReference; fileEncoding = 4; lastKnownFileType = sourcecode.swift; path = DecodingTester.swift; sourceTree = "<group>"; };
		D899D2C521D5686200228761 /* Dictionary+Helpers.swift */ = {isa = PBXFileReference; fileEncoding = 4; lastKnownFileType = sourcecode.swift; path = "Dictionary+Helpers.swift"; sourceTree = "<group>"; };
		D899D2C621D5686200228761 /* JSONDecoder+Helpers.swift */ = {isa = PBXFileReference; fileEncoding = 4; lastKnownFileType = sourcecode.swift; path = "JSONDecoder+Helpers.swift"; sourceTree = "<group>"; };
		D899D2CB21D568A200228761 /* RestaurantDecodingTests.swift */ = {isa = PBXFileReference; lastKnownFileType = sourcecode.swift; path = RestaurantDecodingTests.swift; sourceTree = "<group>"; };
		D899D2CD21D5690800228761 /* Restaurant+Helpers.swift */ = {isa = PBXFileReference; lastKnownFileType = sourcecode.swift; path = "Restaurant+Helpers.swift"; sourceTree = "<group>"; };
		D899D2D121D569D600228761 /* SortingValues+Helpers.swift */ = {isa = PBXFileReference; lastKnownFileType = sourcecode.swift; path = "SortingValues+Helpers.swift"; sourceTree = "<group>"; };
		D899D2D321D56B3A00228761 /* OpeningState+Helpers.swift */ = {isa = PBXFileReference; lastKnownFileType = sourcecode.swift; path = "OpeningState+Helpers.swift"; sourceTree = "<group>"; };
		D899D2D521D5719100228761 /* SortingValuesDecodingTests.swift */ = {isa = PBXFileReference; lastKnownFileType = sourcecode.swift; path = SortingValuesDecodingTests.swift; sourceTree = "<group>"; };
		D899D2D821D57A9900228761 /* String+Random.swift */ = {isa = PBXFileReference; lastKnownFileType = sourcecode.swift; path = "String+Random.swift"; sourceTree = "<group>"; };
		D899D2DB21D581C200228761 /* RestaurantListViewModel.swift */ = {isa = PBXFileReference; lastKnownFileType = sourcecode.swift; path = RestaurantListViewModel.swift; sourceTree = "<group>"; };
		D899D2DE21D581EE00228761 /* RestaurantListViewModelTests.swift */ = {isa = PBXFileReference; lastKnownFileType = sourcecode.swift; path = RestaurantListViewModelTests.swift; sourceTree = "<group>"; };
		D899D2E021D582B500228761 /* RestaurantViewModel.swift */ = {isa = PBXFileReference; lastKnownFileType = sourcecode.swift; path = RestaurantViewModel.swift; sourceTree = "<group>"; };
		D899D2E321D583F400228761 /* RandomAccessCollection+Helpers.swift */ = {isa = PBXFileReference; fileEncoding = 4; lastKnownFileType = sourcecode.swift; path = "RandomAccessCollection+Helpers.swift"; sourceTree = "<group>"; };
		D899D2E821D5892B00228761 /* RestaurantViewModel+Helpers.swift */ = {isa = PBXFileReference; lastKnownFileType = sourcecode.swift; path = "RestaurantViewModel+Helpers.swift"; sourceTree = "<group>"; };
		D899D2EC21D58C2C00228761 /* RestaurantsProvider.swift */ = {isa = PBXFileReference; lastKnownFileType = sourcecode.swift; path = RestaurantsProvider.swift; sourceTree = "<group>"; };
		D899D2EE21D58C5C00228761 /* RestaurantsProviderTests.swift */ = {isa = PBXFileReference; lastKnownFileType = sourcecode.swift; path = RestaurantsProviderTests.swift; sourceTree = "<group>"; };
		D899D2F021D5931500228761 /* RestaurantsResponse.swift */ = {isa = PBXFileReference; lastKnownFileType = sourcecode.swift; path = RestaurantsResponse.swift; sourceTree = "<group>"; };
		D899D2F221D5937D00228761 /* RestaurantsResponse+Helpers.swift */ = {isa = PBXFileReference; lastKnownFileType = sourcecode.swift; path = "RestaurantsResponse+Helpers.swift"; sourceTree = "<group>"; };
		D899D2F421D593F400228761 /* RestaurantsResponseDecodingTests.swift */ = {isa = PBXFileReference; lastKnownFileType = sourcecode.swift; path = RestaurantsResponseDecodingTests.swift; sourceTree = "<group>"; };
		D899D2F621D5955C00228761 /* Cancellable.swift */ = {isa = PBXFileReference; fileEncoding = 4; lastKnownFileType = sourcecode.swift; path = Cancellable.swift; sourceTree = "<group>"; };
		D899D2F721D5955D00228761 /* Result.swift */ = {isa = PBXFileReference; fileEncoding = 4; lastKnownFileType = sourcecode.swift; path = Result.swift; sourceTree = "<group>"; };
		D899D2F821D5955D00228761 /* JSONDecoderProtocol.swift */ = {isa = PBXFileReference; fileEncoding = 4; lastKnownFileType = sourcecode.swift; path = JSONDecoderProtocol.swift; sourceTree = "<group>"; };
		D899D2FD21D596E600228761 /* URLSessionProtocol.swift */ = {isa = PBXFileReference; fileEncoding = 4; lastKnownFileType = sourcecode.swift; path = URLSessionProtocol.swift; sourceTree = "<group>"; };
		D899D2FE21D596E600228761 /* URLSessionDataTaskProtocol.swift */ = {isa = PBXFileReference; fileEncoding = 4; lastKnownFileType = sourcecode.swift; path = URLSessionDataTaskProtocol.swift; sourceTree = "<group>"; };
		D899D30221D5980600228761 /* Restaurants.json */ = {isa = PBXFileReference; fileEncoding = 4; lastKnownFileType = text.json; path = Restaurants.json; sourceTree = "<group>"; };
		D899D30421D5987F00228761 /* URLSessionMock.swift */ = {isa = PBXFileReference; lastKnownFileType = sourcecode.swift; path = URLSessionMock.swift; sourceTree = "<group>"; };
		D899D30621D599A000228761 /* Constants.swift */ = {isa = PBXFileReference; lastKnownFileType = sourcecode.swift; path = Constants.swift; sourceTree = "<group>"; };
		D899D30921D5AB4A00228761 /* JSONDecoderMock.swift */ = {isa = PBXFileReference; fileEncoding = 4; lastKnownFileType = sourcecode.swift; path = JSONDecoderMock.swift; sourceTree = "<group>"; };
		D899D30D21D6516000228761 /* RestaurantsProviderMock.swift */ = {isa = PBXFileReference; lastKnownFileType = sourcecode.swift; path = RestaurantsProviderMock.swift; sourceTree = "<group>"; };
		D899D30F21D65E0D00228761 /* RestaurantListViewModelDelegateMock.swift */ = {isa = PBXFileReference; lastKnownFileType = sourcecode.swift; path = RestaurantListViewModelDelegateMock.swift; sourceTree = "<group>"; };
		D899D31321D67A7000228761 /* RestaurantViewModelTests.swift */ = {isa = PBXFileReference; lastKnownFileType = sourcecode.swift; path = RestaurantViewModelTests.swift; sourceTree = "<group>"; };
		D899D31521D67E7600228761 /* SortingService.swift */ = {isa = PBXFileReference; lastKnownFileType = sourcecode.swift; path = SortingService.swift; sourceTree = "<group>"; };
		D899D31721D6841E00228761 /* SortingServiceTests.swift */ = {isa = PBXFileReference; lastKnownFileType = sourcecode.swift; path = SortingServiceTests.swift; sourceTree = "<group>"; };
		D899D31921D68BA400228761 /* SortingServiceMock.swift */ = {isa = PBXFileReference; lastKnownFileType = sourcecode.swift; path = SortingServiceMock.swift; sourceTree = "<group>"; };
		D899D31C21D6C76000228761 /* ResultTests.swift */ = {isa = PBXFileReference; fileEncoding = 4; lastKnownFileType = sourcecode.swift; path = ResultTests.swift; sourceTree = "<group>"; };
		D899D31E21D6C81200228761 /* FilteringService.swift */ = {isa = PBXFileReference; lastKnownFileType = sourcecode.swift; path = FilteringService.swift; sourceTree = "<group>"; };
		D899D32021D6C9DC00228761 /* FilteredServiceTests.swift */ = {isa = PBXFileReference; lastKnownFileType = sourcecode.swift; path = FilteredServiceTests.swift; sourceTree = "<group>"; };
		D899D32221D6D0C600228761 /* FilteringServiceMock.swift */ = {isa = PBXFileReference; lastKnownFileType = sourcecode.swift; path = FilteringServiceMock.swift; sourceTree = "<group>"; };
		D899D32421D6D86100228761 /* FavoriteRestaurant.swift */ = {isa = PBXFileReference; lastKnownFileType = sourcecode.swift; path = FavoriteRestaurant.swift; sourceTree = "<group>"; };
		D899D32621D6D96200228761 /* FavoriteRestaurant+Helpers.swift */ = {isa = PBXFileReference; lastKnownFileType = sourcecode.swift; path = "FavoriteRestaurant+Helpers.swift"; sourceTree = "<group>"; };
		D899D32821D6DA4300228761 /* FavoriteRestaurantCodingTests.swift */ = {isa = PBXFileReference; lastKnownFileType = sourcecode.swift; path = FavoriteRestaurantCodingTests.swift; sourceTree = "<group>"; };
		D899D32A21D6DB0000228761 /* JSONEncoder+Helpers.swift */ = {isa = PBXFileReference; lastKnownFileType = sourcecode.swift; path = "JSONEncoder+Helpers.swift"; sourceTree = "<group>"; };
		D899D32C21D6E11E00228761 /* FavoritesService.swift */ = {isa = PBXFileReference; lastKnownFileType = sourcecode.swift; path = FavoritesService.swift; sourceTree = "<group>"; };
		D899D32E21D6EE1600228761 /* FavoritesServiceTests.swift */ = {isa = PBXFileReference; lastKnownFileType = sourcecode.swift; path = FavoritesServiceTests.swift; sourceTree = "<group>"; };
		D899D33021D6EFD500228761 /* FavoritesServiceDelegateMock.swift */ = {isa = PBXFileReference; lastKnownFileType = sourcecode.swift; path = FavoritesServiceDelegateMock.swift; sourceTree = "<group>"; };
		D899D33221D6F64A00228761 /* FavoritesServiceMock.swift */ = {isa = PBXFileReference; lastKnownFileType = sourcecode.swift; path = FavoritesServiceMock.swift; sourceTree = "<group>"; };
		D899D33421D7D90100228761 /* RestaurantDetails.swift */ = {isa = PBXFileReference; lastKnownFileType = sourcecode.swift; path = RestaurantDetails.swift; sourceTree = "<group>"; };
		D899D33621D7E18A00228761 /* RestaurantDetails+Helpers.swift */ = {isa = PBXFileReference; lastKnownFileType = sourcecode.swift; path = "RestaurantDetails+Helpers.swift"; sourceTree = "<group>"; };
/* End PBXFileReference section */

/* Begin PBXFrameworksBuildPhase section */
		D899D28F21D5182B00228761 /* Frameworks */ = {
			isa = PBXFrameworksBuildPhase;
			buildActionMask = 2147483647;
			files = (
			);
			runOnlyForDeploymentPostprocessing = 0;
		};
		D899D2A321D5182C00228761 /* Frameworks */ = {
			isa = PBXFrameworksBuildPhase;
			buildActionMask = 2147483647;
			files = (
			);
			runOnlyForDeploymentPostprocessing = 0;
		};
/* End PBXFrameworksBuildPhase section */

/* Begin PBXGroup section */
		D899D28921D5182B00228761 = {
			isa = PBXGroup;
			children = (
				D899D29421D5182B00228761 /* Restaurants */,
				D899D2A921D5182C00228761 /* RestaurantsTests */,
				D899D29321D5182B00228761 /* Products */,
			);
			sourceTree = "<group>";
		};
		D899D29321D5182B00228761 /* Products */ = {
			isa = PBXGroup;
			children = (
				D899D29221D5182B00228761 /* Restaurants.app */,
				D899D2A621D5182C00228761 /* RestaurantsTests.xctest */,
			);
			name = Products;
			sourceTree = "<group>";
		};
		D899D29421D5182B00228761 /* Restaurants */ = {
			isa = PBXGroup;
			children = (
				D899D2E221D583B000228761 /* Core */,
				D899D2BE21D5298E00228761 /* Helpers */,
				D899D2B521D51EC100228761 /* Models */,
				D899D2EA21D58BFC00228761 /* Services */,
				D899D2DA21D5819A00228761 /* ViewModels */,
				D899D29521D5182B00228761 /* AppDelegate.swift */,
				D899D29C21D5182C00228761 /* Assets.xcassets */,
				D899D2A121D5182C00228761 /* Info.plist */,
				D899D29E21D5182C00228761 /* LaunchScreen.storyboard */,
				D899D29921D5182B00228761 /* Main.storyboard */,
			);
			path = Restaurants;
			sourceTree = "<group>";
		};
		D899D2A921D5182C00228761 /* RestaurantsTests */ = {
			isa = PBXGroup;
			children = (
				D899D31B21D6C76000228761 /* Core */,
				D899D2D721D57A8200228761 /* Helpers */,
				D899D2C121D567A900228761 /* Models */,
				D899D2EB21D58C0500228761 /* Services */,
				D899D2DD21D581C900228761 /* ViewModels */,
				D899D2AC21D5182D00228761 /* Info.plist */,
			);
			path = RestaurantsTests;
			sourceTree = "<group>";
		};
		D899D2B521D51EC100228761 /* Models */ = {
			isa = PBXGroup;
			children = (
				D899D32421D6D86100228761 /* FavoriteRestaurant.swift */,
				D899D2B821D5215A00228761 /* OpeningState.swift */,
				D899D2B621D51EDE00228761 /* Restaurant.swift */,
				D899D33421D7D90100228761 /* RestaurantDetails.swift */,
				D899D2F021D5931500228761 /* RestaurantsResponse.swift */,
				D899D2BC21D5220300228761 /* SortingValues.swift */,
			);
			path = Models;
			sourceTree = "<group>";
		};
		D899D2BE21D5298E00228761 /* Helpers */ = {
			isa = PBXGroup;
			children = (
				D899D2BF21D5299E00228761 /* Decimal+Money.swift */,
			);
			path = Helpers;
			sourceTree = "<group>";
		};
		D899D2C121D567A900228761 /* Models */ = {
			isa = PBXGroup;
			children = (
				D899D2C221D567F100228761 /* Helpers */,
				D899D32821D6DA4300228761 /* FavoriteRestaurantCodingTests.swift */,
				D899D2CB21D568A200228761 /* RestaurantDecodingTests.swift */,
				D899D2F421D593F400228761 /* RestaurantsResponseDecodingTests.swift */,
				D899D2D521D5719100228761 /* SortingValuesDecodingTests.swift */,
			);
			path = Models;
			sourceTree = "<group>";
		};
		D899D2C221D567F100228761 /* Helpers */ = {
			isa = PBXGroup;
			children = (
				D899D2C421D5686200228761 /* DecodingTester.swift */,
				D899D2C521D5686200228761 /* Dictionary+Helpers.swift */,
				D899D32621D6D96200228761 /* FavoriteRestaurant+Helpers.swift */,
				D899D2C621D5686200228761 /* JSONDecoder+Helpers.swift */,
				D899D30921D5AB4A00228761 /* JSONDecoderMock.swift */,
				D899D32A21D6DB0000228761 /* JSONEncoder+Helpers.swift */,
				D899D2C321D5686200228761 /* JSONPresentable.swift */,
				D899D2D321D56B3A00228761 /* OpeningState+Helpers.swift */,
				D899D2CD21D5690800228761 /* Restaurant+Helpers.swift */,
				D899D33621D7E18A00228761 /* RestaurantDetails+Helpers.swift */,
				D899D2F221D5937D00228761 /* RestaurantsResponse+Helpers.swift */,
				D899D2D121D569D600228761 /* SortingValues+Helpers.swift */,
			);
			path = Helpers;
			sourceTree = "<group>";
		};
		D899D2D721D57A8200228761 /* Helpers */ = {
			isa = PBXGroup;
			children = (
				D899D2D821D57A9900228761 /* String+Random.swift */,
			);
			path = Helpers;
			sourceTree = "<group>";
		};
		D899D2DA21D5819A00228761 /* ViewModels */ = {
			isa = PBXGroup;
			children = (
				D899D2DB21D581C200228761 /* RestaurantListViewModel.swift */,
				D899D2E021D582B500228761 /* RestaurantViewModel.swift */,
			);
			path = ViewModels;
			sourceTree = "<group>";
		};
		D899D2DD21D581C900228761 /* ViewModels */ = {
			isa = PBXGroup;
			children = (
				D899D2E721D588E500228761 /* Helpers */,
				D899D2DE21D581EE00228761 /* RestaurantListViewModelTests.swift */,
				D899D31321D67A7000228761 /* RestaurantViewModelTests.swift */,
			);
			path = ViewModels;
			sourceTree = "<group>";
		};
		D899D2E221D583B000228761 /* Core */ = {
			isa = PBXGroup;
			children = (
				D899D2F621D5955C00228761 /* Cancellable.swift */,
				D899D30621D599A000228761 /* Constants.swift */,
				D899D2F821D5955D00228761 /* JSONDecoderProtocol.swift */,
				D899D2E321D583F400228761 /* RandomAccessCollection+Helpers.swift */,
				D899D2F721D5955D00228761 /* Result.swift */,
			);
			path = Core;
			sourceTree = "<group>";
		};
		D899D2E721D588E500228761 /* Helpers */ = {
			isa = PBXGroup;
			children = (
				D899D30F21D65E0D00228761 /* RestaurantListViewModelDelegateMock.swift */,
				D899D2E821D5892B00228761 /* RestaurantViewModel+Helpers.swift */,
			);
			path = Helpers;
			sourceTree = "<group>";
		};
		D899D2EA21D58BFC00228761 /* Services */ = {
			isa = PBXGroup;
			children = (
				D899D2FC21D596E600228761 /* Networking */,
				D899D32C21D6E11E00228761 /* FavoritesService.swift */,
				D899D31E21D6C81200228761 /* FilteringService.swift */,
				D899D2EC21D58C2C00228761 /* RestaurantsProvider.swift */,
				D899D31521D67E7600228761 /* SortingService.swift */,
			);
			path = Services;
			sourceTree = "<group>";
		};
		D899D2EB21D58C0500228761 /* Services */ = {
			isa = PBXGroup;
			children = (
				D899D30821D5AB2200228761 /* Helpers */,
				D899D32E21D6EE1600228761 /* FavoritesServiceTests.swift */,
				D899D32021D6C9DC00228761 /* FilteredServiceTests.swift */,
				D899D2EE21D58C5C00228761 /* RestaurantsProviderTests.swift */,
				D899D31721D6841E00228761 /* SortingServiceTests.swift */,
			);
			path = Services;
			sourceTree = "<group>";
		};
		D899D2FC21D596E600228761 /* Networking */ = {
			isa = PBXGroup;
			children = (
				D899D30121D597D500228761 /* Mocks */,
				D899D2FD21D596E600228761 /* URLSessionProtocol.swift */,
				D899D2FE21D596E600228761 /* URLSessionDataTaskProtocol.swift */,
			);
			path = Networking;
			sourceTree = "<group>";
		};
		D899D30121D597D500228761 /* Mocks */ = {
			isa = PBXGroup;
			children = (
				D899D30221D5980600228761 /* Restaurants.json */,
				D899D30421D5987F00228761 /* URLSessionMock.swift */,
			);
			path = Mocks;
			sourceTree = "<group>";
		};
		D899D30821D5AB2200228761 /* Helpers */ = {
			isa = PBXGroup;
			children = (
				D899D33021D6EFD500228761 /* FavoritesServiceDelegateMock.swift */,
				D899D33221D6F64A00228761 /* FavoritesServiceMock.swift */,
				D899D32221D6D0C600228761 /* FilteringServiceMock.swift */,
				D899D30D21D6516000228761 /* RestaurantsProviderMock.swift */,
				D899D31921D68BA400228761 /* SortingServiceMock.swift */,
			);
			path = Helpers;
			sourceTree = "<group>";
		};
		D899D31B21D6C76000228761 /* Core */ = {
			isa = PBXGroup;
			children = (
				D899D31C21D6C76000228761 /* ResultTests.swift */,
			);
			path = Core;
			sourceTree = "<group>";
		};
/* End PBXGroup section */

/* Begin PBXNativeTarget section */
		D899D29121D5182B00228761 /* Restaurants */ = {
			isa = PBXNativeTarget;
			buildConfigurationList = D899D2AF21D5182D00228761 /* Build configuration list for PBXNativeTarget "Restaurants" */;
			buildPhases = (
				D899D28E21D5182B00228761 /* Sources */,
				D899D28F21D5182B00228761 /* Frameworks */,
				D899D29021D5182B00228761 /* Resources */,
			);
			buildRules = (
			);
			dependencies = (
			);
			name = Restaurants;
			productName = Restaurants;
			productReference = D899D29221D5182B00228761 /* Restaurants.app */;
			productType = "com.apple.product-type.application";
		};
		D899D2A521D5182C00228761 /* RestaurantsTests */ = {
			isa = PBXNativeTarget;
			buildConfigurationList = D899D2B221D5182D00228761 /* Build configuration list for PBXNativeTarget "RestaurantsTests" */;
			buildPhases = (
				D899D2A221D5182C00228761 /* Sources */,
				D899D2A321D5182C00228761 /* Frameworks */,
				D899D2A421D5182C00228761 /* Resources */,
			);
			buildRules = (
			);
			dependencies = (
				D899D2A821D5182C00228761 /* PBXTargetDependency */,
			);
			name = RestaurantsTests;
			productName = RestaurantsTests;
			productReference = D899D2A621D5182C00228761 /* RestaurantsTests.xctest */;
			productType = "com.apple.product-type.bundle.unit-test";
		};
/* End PBXNativeTarget section */

/* Begin PBXProject section */
		D899D28A21D5182B00228761 /* Project object */ = {
			isa = PBXProject;
			attributes = {
				LastSwiftUpdateCheck = 1010;
				LastUpgradeCheck = 1010;
				ORGANIZATIONNAME = "Vitaly Chupryk";
				TargetAttributes = {
					D899D29121D5182B00228761 = {
						CreatedOnToolsVersion = 10.1;
					};
					D899D2A521D5182C00228761 = {
						CreatedOnToolsVersion = 10.1;
						LastSwiftMigration = 1010;
						TestTargetID = D899D29121D5182B00228761;
					};
				};
			};
			buildConfigurationList = D899D28D21D5182B00228761 /* Build configuration list for PBXProject "Restaurants" */;
			compatibilityVersion = "Xcode 9.3";
			developmentRegion = en;
			hasScannedForEncodings = 0;
			knownRegions = (
				en,
				Base,
			);
			mainGroup = D899D28921D5182B00228761;
			productRefGroup = D899D29321D5182B00228761 /* Products */;
			projectDirPath = "";
			projectRoot = "";
			targets = (
				D899D29121D5182B00228761 /* Restaurants */,
				D899D2A521D5182C00228761 /* RestaurantsTests */,
			);
		};
/* End PBXProject section */

/* Begin PBXResourcesBuildPhase section */
		D899D29021D5182B00228761 /* Resources */ = {
			isa = PBXResourcesBuildPhase;
			buildActionMask = 2147483647;
			files = (
				D899D30321D5980600228761 /* Restaurants.json in Resources */,
				D899D2A021D5182C00228761 /* LaunchScreen.storyboard in Resources */,
				D899D29D21D5182C00228761 /* Assets.xcassets in Resources */,
				D899D29B21D5182B00228761 /* Main.storyboard in Resources */,
			);
			runOnlyForDeploymentPostprocessing = 0;
		};
		D899D2A421D5182C00228761 /* Resources */ = {
			isa = PBXResourcesBuildPhase;
			buildActionMask = 2147483647;
			files = (
			);
			runOnlyForDeploymentPostprocessing = 0;
		};
/* End PBXResourcesBuildPhase section */

/* Begin PBXSourcesBuildPhase section */
		D899D28E21D5182B00228761 /* Sources */ = {
			isa = PBXSourcesBuildPhase;
			buildActionMask = 2147483647;
			files = (
				D899D32D21D6E11E00228761 /* FavoritesService.swift in Sources */,
				D899D2FF21D596E600228761 /* URLSessionProtocol.swift in Sources */,
				D899D30721D599A000228761 /* Constants.swift in Sources */,
				D899D2C021D5299E00228761 /* Decimal+Money.swift in Sources */,
				D899D32521D6D86100228761 /* FavoriteRestaurant.swift in Sources */,
				D899D31621D67E7600228761 /* SortingService.swift in Sources */,
				D899D2DC21D581C200228761 /* RestaurantListViewModel.swift in Sources */,
				D899D2B721D51EDE00228761 /* Restaurant.swift in Sources */,
				D899D2ED21D58C2C00228761 /* RestaurantsProvider.swift in Sources */,
				D899D2FB21D5955D00228761 /* JSONDecoderProtocol.swift in Sources */,
				D899D29621D5182B00228761 /* AppDelegate.swift in Sources */,
				D899D31F21D6C81200228761 /* FilteringService.swift in Sources */,
				D899D2F121D5931500228761 /* RestaurantsResponse.swift in Sources */,
				D899D2FA21D5955D00228761 /* Result.swift in Sources */,
				D899D33521D7D90100228761 /* RestaurantDetails.swift in Sources */,
				D899D2E421D583F400228761 /* RandomAccessCollection+Helpers.swift in Sources */,
				D899D2F921D5955D00228761 /* Cancellable.swift in Sources */,
				D899D2BD21D5220300228761 /* SortingValues.swift in Sources */,
				D899D2B921D5215A00228761 /* OpeningState.swift in Sources */,
				D899D2E121D582B500228761 /* RestaurantViewModel.swift in Sources */,
				D899D30521D5987F00228761 /* URLSessionMock.swift in Sources */,
				D899D30021D596E600228761 /* URLSessionDataTaskProtocol.swift in Sources */,
			);
			runOnlyForDeploymentPostprocessing = 0;
		};
		D899D2A221D5182C00228761 /* Sources */ = {
			isa = PBXSourcesBuildPhase;
			buildActionMask = 2147483647;
			files = (
				D899D2D621D5719100228761 /* SortingValuesDecodingTests.swift in Sources */,
				D899D33321D6F64A00228761 /* FavoritesServiceMock.swift in Sources */,
				D899D32F21D6EE1600228761 /* FavoritesServiceTests.swift in Sources */,
				D899D2E921D5892B00228761 /* RestaurantViewModel+Helpers.swift in Sources */,
				D899D2D921D57A9900228761 /* String+Random.swift in Sources */,
				D899D32B21D6DB0000228761 /* JSONEncoder+Helpers.swift in Sources */,
				D899D2CC21D568A200228761 /* RestaurantDecodingTests.swift in Sources */,
				D899D32321D6D0C600228761 /* FilteringServiceMock.swift in Sources */,
				D899D31D21D6C76000228761 /* ResultTests.swift in Sources */,
				D899D31A21D68BA400228761 /* SortingServiceMock.swift in Sources */,
				D899D2C721D5686200228761 /* JSONPresentable.swift in Sources */,
				D899D2F321D5937D00228761 /* RestaurantsResponse+Helpers.swift in Sources */,
				D899D2CE21D5690800228761 /* Restaurant+Helpers.swift in Sources */,
				D899D2D221D569D600228761 /* SortingValues+Helpers.swift in Sources */,
				D899D2DF21D581EE00228761 /* RestaurantListViewModelTests.swift in Sources */,
				D899D2D421D56B3A00228761 /* OpeningState+Helpers.swift in Sources */,
				D899D31021D65E0D00228761 /* RestaurantListViewModelDelegateMock.swift in Sources */,
				D899D30A21D5AB4A00228761 /* JSONDecoderMock.swift in Sources */,
				D899D32721D6D96200228761 /* FavoriteRestaurant+Helpers.swift in Sources */,
				D899D31421D67A7000228761 /* RestaurantViewModelTests.swift in Sources */,
				D899D33721D7E18A00228761 /* RestaurantDetails+Helpers.swift in Sources */,
				D899D32121D6C9DC00228761 /* FilteredServiceTests.swift in Sources */,
				D899D2F521D593F400228761 /* RestaurantsResponseDecodingTests.swift in Sources */,
				D899D31821D6841E00228761 /* SortingServiceTests.swift in Sources */,
				D899D30E21D6516000228761 /* RestaurantsProviderMock.swift in Sources */,
				D899D2C821D5686200228761 /* DecodingTester.swift in Sources */,
				D899D2EF21D58C5C00228761 /* RestaurantsProviderTests.swift in Sources */,
				D899D2CA21D5686200228761 /* JSONDecoder+Helpers.swift in Sources */,
				D899D32921D6DA4300228761 /* FavoriteRestaurantCodingTests.swift in Sources */,
				D899D2C921D5686200228761 /* Dictionary+Helpers.swift in Sources */,
				D899D33121D6EFD500228761 /* FavoritesServiceDelegateMock.swift in Sources */,
			);
			runOnlyForDeploymentPostprocessing = 0;
		};
/* End PBXSourcesBuildPhase section */

/* Begin PBXTargetDependency section */
		D899D2A821D5182C00228761 /* PBXTargetDependency */ = {
			isa = PBXTargetDependency;
			target = D899D29121D5182B00228761 /* Restaurants */;
			targetProxy = D899D2A721D5182C00228761 /* PBXContainerItemProxy */;
		};
/* End PBXTargetDependency section */

/* Begin PBXVariantGroup section */
		D899D29921D5182B00228761 /* Main.storyboard */ = {
			isa = PBXVariantGroup;
			children = (
				D899D29A21D5182B00228761 /* Base */,
			);
			name = Main.storyboard;
			sourceTree = "<group>";
		};
		D899D29E21D5182C00228761 /* LaunchScreen.storyboard */ = {
			isa = PBXVariantGroup;
			children = (
				D899D29F21D5182C00228761 /* Base */,
			);
			name = LaunchScreen.storyboard;
			sourceTree = "<group>";
		};
/* End PBXVariantGroup section */

/* Begin XCBuildConfiguration section */
		D899D2AD21D5182D00228761 /* Debug */ = {
			isa = XCBuildConfiguration;
			buildSettings = {
				ALWAYS_SEARCH_USER_PATHS = NO;
				CLANG_ANALYZER_NONNULL = YES;
				CLANG_ANALYZER_NUMBER_OBJECT_CONVERSION = YES_AGGRESSIVE;
				CLANG_CXX_LANGUAGE_STANDARD = "gnu++14";
				CLANG_CXX_LIBRARY = "libc++";
				CLANG_ENABLE_MODULES = YES;
				CLANG_ENABLE_OBJC_ARC = YES;
				CLANG_ENABLE_OBJC_WEAK = YES;
				CLANG_WARN_BLOCK_CAPTURE_AUTORELEASING = YES;
				CLANG_WARN_BOOL_CONVERSION = YES;
				CLANG_WARN_COMMA = YES;
				CLANG_WARN_CONSTANT_CONVERSION = YES;
				CLANG_WARN_DEPRECATED_OBJC_IMPLEMENTATIONS = YES;
				CLANG_WARN_DIRECT_OBJC_ISA_USAGE = YES_ERROR;
				CLANG_WARN_DOCUMENTATION_COMMENTS = YES;
				CLANG_WARN_EMPTY_BODY = YES;
				CLANG_WARN_ENUM_CONVERSION = YES;
				CLANG_WARN_INFINITE_RECURSION = YES;
				CLANG_WARN_INT_CONVERSION = YES;
				CLANG_WARN_NON_LITERAL_NULL_CONVERSION = YES;
				CLANG_WARN_OBJC_IMPLICIT_RETAIN_SELF = YES;
				CLANG_WARN_OBJC_LITERAL_CONVERSION = YES;
				CLANG_WARN_OBJC_ROOT_CLASS = YES_ERROR;
				CLANG_WARN_RANGE_LOOP_ANALYSIS = YES;
				CLANG_WARN_STRICT_PROTOTYPES = YES;
				CLANG_WARN_SUSPICIOUS_MOVE = YES;
				CLANG_WARN_UNGUARDED_AVAILABILITY = YES_AGGRESSIVE;
				CLANG_WARN_UNREACHABLE_CODE = YES;
				CLANG_WARN__DUPLICATE_METHOD_MATCH = YES;
				CODE_SIGN_IDENTITY = "iPhone Developer";
				COPY_PHASE_STRIP = NO;
				DEBUG_INFORMATION_FORMAT = dwarf;
				ENABLE_STRICT_OBJC_MSGSEND = YES;
				ENABLE_TESTABILITY = YES;
				GCC_C_LANGUAGE_STANDARD = gnu11;
				GCC_DYNAMIC_NO_PIC = NO;
				GCC_NO_COMMON_BLOCKS = YES;
				GCC_OPTIMIZATION_LEVEL = 0;
				GCC_PREPROCESSOR_DEFINITIONS = (
					"DEBUG=1",
					"$(inherited)",
				);
				GCC_WARN_64_TO_32_BIT_CONVERSION = YES;
				GCC_WARN_ABOUT_RETURN_TYPE = YES_ERROR;
				GCC_WARN_UNDECLARED_SELECTOR = YES;
				GCC_WARN_UNINITIALIZED_AUTOS = YES_AGGRESSIVE;
				GCC_WARN_UNUSED_FUNCTION = YES;
				GCC_WARN_UNUSED_VARIABLE = YES;
				IPHONEOS_DEPLOYMENT_TARGET = 12.1;
				MTL_ENABLE_DEBUG_INFO = INCLUDE_SOURCE;
				MTL_FAST_MATH = YES;
				ONLY_ACTIVE_ARCH = YES;
				SDKROOT = iphoneos;
				SWIFT_ACTIVE_COMPILATION_CONDITIONS = DEBUG;
				SWIFT_OPTIMIZATION_LEVEL = "-Onone";
			};
			name = Debug;
		};
		D899D2AE21D5182D00228761 /* Release */ = {
			isa = XCBuildConfiguration;
			buildSettings = {
				ALWAYS_SEARCH_USER_PATHS = NO;
				CLANG_ANALYZER_NONNULL = YES;
				CLANG_ANALYZER_NUMBER_OBJECT_CONVERSION = YES_AGGRESSIVE;
				CLANG_CXX_LANGUAGE_STANDARD = "gnu++14";
				CLANG_CXX_LIBRARY = "libc++";
				CLANG_ENABLE_MODULES = YES;
				CLANG_ENABLE_OBJC_ARC = YES;
				CLANG_ENABLE_OBJC_WEAK = YES;
				CLANG_WARN_BLOCK_CAPTURE_AUTORELEASING = YES;
				CLANG_WARN_BOOL_CONVERSION = YES;
				CLANG_WARN_COMMA = YES;
				CLANG_WARN_CONSTANT_CONVERSION = YES;
				CLANG_WARN_DEPRECATED_OBJC_IMPLEMENTATIONS = YES;
				CLANG_WARN_DIRECT_OBJC_ISA_USAGE = YES_ERROR;
				CLANG_WARN_DOCUMENTATION_COMMENTS = YES;
				CLANG_WARN_EMPTY_BODY = YES;
				CLANG_WARN_ENUM_CONVERSION = YES;
				CLANG_WARN_INFINITE_RECURSION = YES;
				CLANG_WARN_INT_CONVERSION = YES;
				CLANG_WARN_NON_LITERAL_NULL_CONVERSION = YES;
				CLANG_WARN_OBJC_IMPLICIT_RETAIN_SELF = YES;
				CLANG_WARN_OBJC_LITERAL_CONVERSION = YES;
				CLANG_WARN_OBJC_ROOT_CLASS = YES_ERROR;
				CLANG_WARN_RANGE_LOOP_ANALYSIS = YES;
				CLANG_WARN_STRICT_PROTOTYPES = YES;
				CLANG_WARN_SUSPICIOUS_MOVE = YES;
				CLANG_WARN_UNGUARDED_AVAILABILITY = YES_AGGRESSIVE;
				CLANG_WARN_UNREACHABLE_CODE = YES;
				CLANG_WARN__DUPLICATE_METHOD_MATCH = YES;
				CODE_SIGN_IDENTITY = "iPhone Developer";
				COPY_PHASE_STRIP = NO;
				DEBUG_INFORMATION_FORMAT = "dwarf-with-dsym";
				ENABLE_NS_ASSERTIONS = NO;
				ENABLE_STRICT_OBJC_MSGSEND = YES;
				GCC_C_LANGUAGE_STANDARD = gnu11;
				GCC_NO_COMMON_BLOCKS = YES;
				GCC_WARN_64_TO_32_BIT_CONVERSION = YES;
				GCC_WARN_ABOUT_RETURN_TYPE = YES_ERROR;
				GCC_WARN_UNDECLARED_SELECTOR = YES;
				GCC_WARN_UNINITIALIZED_AUTOS = YES_AGGRESSIVE;
				GCC_WARN_UNUSED_FUNCTION = YES;
				GCC_WARN_UNUSED_VARIABLE = YES;
				IPHONEOS_DEPLOYMENT_TARGET = 12.1;
				MTL_ENABLE_DEBUG_INFO = NO;
				MTL_FAST_MATH = YES;
				SDKROOT = iphoneos;
				SWIFT_COMPILATION_MODE = wholemodule;
				SWIFT_OPTIMIZATION_LEVEL = "-O";
				VALIDATE_PRODUCT = YES;
			};
			name = Release;
		};
		D899D2B021D5182D00228761 /* Debug */ = {
			isa = XCBuildConfiguration;
			buildSettings = {
				ASSETCATALOG_COMPILER_APPICON_NAME = AppIcon;
				CODE_SIGN_STYLE = Automatic;
				INFOPLIST_FILE = Restaurants/Info.plist;
				LD_RUNPATH_SEARCH_PATHS = (
					"$(inherited)",
					"@executable_path/Frameworks",
				);
				PRODUCT_BUNDLE_IDENTIFIER = com.chupryk.Restaurants;
				PRODUCT_NAME = "$(TARGET_NAME)";
				SWIFT_VERSION = 4.2;
				TARGETED_DEVICE_FAMILY = "1,2";
			};
			name = Debug;
		};
		D899D2B121D5182D00228761 /* Release */ = {
			isa = XCBuildConfiguration;
			buildSettings = {
				ASSETCATALOG_COMPILER_APPICON_NAME = AppIcon;
				CODE_SIGN_STYLE = Automatic;
				INFOPLIST_FILE = Restaurants/Info.plist;
				LD_RUNPATH_SEARCH_PATHS = (
					"$(inherited)",
					"@executable_path/Frameworks",
				);
				PRODUCT_BUNDLE_IDENTIFIER = com.chupryk.Restaurants;
				PRODUCT_NAME = "$(TARGET_NAME)";
				SWIFT_VERSION = 4.2;
				TARGETED_DEVICE_FAMILY = "1,2";
			};
			name = Release;
		};
		D899D2B321D5182D00228761 /* Debug */ = {
			isa = XCBuildConfiguration;
			buildSettings = {
				ALWAYS_EMBED_SWIFT_STANDARD_LIBRARIES = YES;
				BUNDLE_LOADER = "$(TEST_HOST)";
				CLANG_ENABLE_MODULES = YES;
				CODE_SIGN_STYLE = Automatic;
				INFOPLIST_FILE = RestaurantsTests/Info.plist;
				LD_RUNPATH_SEARCH_PATHS = (
					"$(inherited)",
					"@executable_path/Frameworks",
					"@loader_path/Frameworks",
				);
				PRODUCT_BUNDLE_IDENTIFIER = com.chupryk.RestaurantsTests;
				PRODUCT_NAME = "$(TARGET_NAME)";
				SWIFT_OPTIMIZATION_LEVEL = "-Onone";
				SWIFT_VERSION = 4.2;
				TARGETED_DEVICE_FAMILY = "1,2";
				TEST_HOST = "$(BUILT_PRODUCTS_DIR)/Restaurants.app/Restaurants";
			};
			name = Debug;
		};
		D899D2B421D5182D00228761 /* Release */ = {
			isa = XCBuildConfiguration;
			buildSettings = {
				ALWAYS_EMBED_SWIFT_STANDARD_LIBRARIES = YES;
				BUNDLE_LOADER = "$(TEST_HOST)";
				CLANG_ENABLE_MODULES = YES;
				CODE_SIGN_STYLE = Automatic;
				INFOPLIST_FILE = RestaurantsTests/Info.plist;
				LD_RUNPATH_SEARCH_PATHS = (
					"$(inherited)",
					"@executable_path/Frameworks",
					"@loader_path/Frameworks",
				);
				PRODUCT_BUNDLE_IDENTIFIER = com.chupryk.RestaurantsTests;
				PRODUCT_NAME = "$(TARGET_NAME)";
				SWIFT_VERSION = 4.2;
				TARGETED_DEVICE_FAMILY = "1,2";
				TEST_HOST = "$(BUILT_PRODUCTS_DIR)/Restaurants.app/Restaurants";
			};
			name = Release;
		};
/* End XCBuildConfiguration section */

/* Begin XCConfigurationList section */
		D899D28D21D5182B00228761 /* Build configuration list for PBXProject "Restaurants" */ = {
			isa = XCConfigurationList;
			buildConfigurations = (
				D899D2AD21D5182D00228761 /* Debug */,
				D899D2AE21D5182D00228761 /* Release */,
			);
			defaultConfigurationIsVisible = 0;
			defaultConfigurationName = Release;
		};
		D899D2AF21D5182D00228761 /* Build configuration list for PBXNativeTarget "Restaurants" */ = {
			isa = XCConfigurationList;
			buildConfigurations = (
				D899D2B021D5182D00228761 /* Debug */,
				D899D2B121D5182D00228761 /* Release */,
			);
			defaultConfigurationIsVisible = 0;
			defaultConfigurationName = Release;
		};
		D899D2B221D5182D00228761 /* Build configuration list for PBXNativeTarget "RestaurantsTests" */ = {
			isa = XCConfigurationList;
			buildConfigurations = (
				D899D2B321D5182D00228761 /* Debug */,
				D899D2B421D5182D00228761 /* Release */,
			);
			defaultConfigurationIsVisible = 0;
			defaultConfigurationName = Release;
		};
/* End XCConfigurationList section */
	};
	rootObject = D899D28A21D5182B00228761 /* Project object */;
}
